
Microsoft Visual Studio Solution File, Format Version 12.00
# Visual Studio Version 16
VisualStudioVersion = 16.0.31313.381
MinimumVisualStudioVersion = 10.0.40219.1
Project("{9A19103F-16F7-4668-BE54-9A1E7A4F7556}") = "BlazorWasmAuthenticationProvider", "BlazorWasmAuthenticationProvider\BlazorWasmAuthenticationProvider.csproj", "{B19A75EA-4BA2-4A81-A750-6700C9E6196F}"
EndProject
Project("{9A19103F-16F7-4668-BE54-9A1E7A4F7556}") = "BlazorWasmAuthenticationProvider.Shared", "BlazorWasmAuthenticationProvider.Shared\BlazorWasmAuthenticationProvider.Shared.csproj", "{4687A7BF-1649-4354-B68B-05ADB1D5E659}"
EndProject
Project("{9A19103F-16F7-4668-BE54-9A1E7A4F7556}") = "BlazorWasmAuthenticationProvider.Api", "BlazorWasmAuthenticationProvider.Api\BlazorWasmAuthenticationProvider.Api.csproj", "{FB6AA2F4-A8D8-4C4B-BE28-E1949CEADC47}"
EndProject
Global
	GlobalSection(SolutionConfigurationPlatforms) = preSolution
		Debug|Any CPU = Debug|Any CPU
		Release|Any CPU = Release|Any CPU
	EndGlobalSection
	GlobalSection(ProjectConfigurationPlatforms) = postSolution
		{B19A75EA-4BA2-4A81-A750-6700C9E6196F}.Debug|Any CPU.ActiveCfg = Debug|Any CPU
		{B19A75EA-4BA2-4A81-A750-6700C9E6196F}.Debug|Any CPU.Build.0 = Debug|Any CPU
		{B19A75EA-4BA2-4A81-A750-6700C9E6196F}.Release|Any CPU.ActiveCfg = Release|Any CPU
		{B19A75EA-4BA2-4A81-A750-6700C9E6196F}.Release|Any CPU.Build.0 = Release|Any CPU
		{4687A7BF-1649-4354-B68B-05ADB1D5E659}.Debug|Any CPU.ActiveCfg = Debug|Any CPU
		{4687A7BF-1649-4354-B68B-05ADB1D5E659}.Debug|Any CPU.Build.0 = Debug|Any CPU
		{4687A7BF-1649-4354-B68B-05ADB1D5E659}.Release|Any CPU.ActiveCfg = Release|Any CPU
		{4687A7BF-1649-4354-B68B-05ADB1D5E659}.Release|Any CPU.Build.0 = Release|Any CPU
		{FB6AA2F4-A8D8-4C4B-BE28-E1949CEADC47}.Debug|Any CPU.ActiveCfg = Debug|Any CPU
		{FB6AA2F4-A8D8-4C4B-BE28-E1949CEADC47}.Debug|Any CPU.Build.0 = Debug|Any CPU
		{FB6AA2F4-A8D8-4C4B-BE28-E1949CEADC47}.Release|Any CPU.ActiveCfg = Release|Any CPU
		{FB6AA2F4-A8D8-4C4B-BE28-E1949CEADC47}.Release|Any CPU.Build.0 = Release|Any CPU
	EndGlobalSection
	GlobalSection(SolutionProperties) = preSolution
		HideSolutionNode = FALSE
	EndGlobalSection
	GlobalSection(ExtensibilityGlobals) = postSolution
		SolutionGuid = {50140502-E6A3-4A2A-AECE-B2BD75F1590F}
	EndGlobalSection
EndGlobal
